
Microsoft Visual Studio Solution File, Format Version 12.00
# Visual Studio Version 17
VisualStudioVersion = 17.10.35122.118
MinimumVisualStudioVersion = 10.0.40219.1
Project("{FAE04EC0-301F-11D3-BF4B-00C04F79EFBC}") = "StageSelect", "StageSelect.csproj", "{A17BB73C-EDDC-416B-A75C-208CD27F2DAA}"
EndProject
Global
	GlobalSection(SolutionConfigurationPlatforms) = preSolution
		Debug|Any CPU = Debug|Any CPU
		Release|Any CPU = Release|Any CPU
	EndGlobalSection
	GlobalSection(ProjectConfigurationPlatforms) = postSolution
		{A17BB73C-EDDC-416B-A75C-208CD27F2DAA}.Debug|Any CPU.ActiveCfg = Debug|Any CPU
		{A17BB73C-EDDC-416B-A75C-208CD27F2DAA}.Debug|Any CPU.Build.0 = Debug|Any CPU
		{A17BB73C-EDDC-416B-A75C-208CD27F2DAA}.Release|Any CPU.ActiveCfg = Release|Any CPU
		{A17BB73C-EDDC-416B-A75C-208CD27F2DAA}.Release|Any CPU.Build.0 = Release|Any CPU
	EndGlobalSection
	GlobalSection(SolutionProperties) = preSolution
		HideSolutionNode = FALSE
	EndGlobalSection
	GlobalSection(ExtensibilityGlobals) = postSolution
		SolutionGuid = {CA1F9ABC-4C64-4AB7-A1D2-43F0123E9F4C}
	EndGlobalSection
EndGlobal
